
Microsoft Visual Studio Solution File, Format Version 12.00
# Visual Studio Version 17
VisualStudioVersion = 17.0.31903.59
MinimumVisualStudioVersion = 10.0.40219.1
Project("{2150E333-8FDC-42A3-9474-1A3956D46DE8}") = "10-Common", "10-Common", "{0B328890-F8DB-4FFD-93D9-513F59AC00EC}"
EndProject
Project("{2150E333-8FDC-42A3-9474-1A3956D46DE8}") = "30-Engine", "30-Engine", "{DBB034C5-5CC2-4D4B-9B76-73C31C6F7575}"
EndProject
Project("{2150E333-8FDC-42A3-9474-1A3956D46DE8}") = "40-Service", "40-Service", "{478B5A0B-89CA-4733-80DB-627DB80F50F1}"
EndProject
Project("{2150E333-8FDC-42A3-9474-1A3956D46DE8}") = "50-App", "50-App", "{D1186D02-3550-418D-BC79-D010AEFD208B}"
EndProject
Project("{FAE04EC0-301F-11D3-BF4B-00C04F79EFBC}") = "UVM.Interface", "10-Common\UVM.Interface\UVM.Interface.csproj", "{F2D72147-D877-4426-9CA6-719EEB2F5C68}"
EndProject
Project("{FAE04EC0-301F-11D3-BF4B-00C04F79EFBC}") = "UVM.Logging", "10-Common\UVM.Logging\UVM.Logging.csproj", "{72B7CCC5-B40A-497E-91A2-74D797E42663}"
EndProject
Project("{FAE04EC0-301F-11D3-BF4B-00C04F79EFBC}") = "UVM.Engine", "30-Engine\UVM.Engine\UVM.Engine.csproj", "{8287F6F3-D5F2-4210-BDB7-237A9FC8DA90}"
EndProject
Project("{FAE04EC0-301F-11D3-BF4B-00C04F79EFBC}") = "UVM.Service", "40-Service\UVM.Service\UVM.Service.csproj", "{83A00E75-82E0-479A-80D7-5D7B99D8A579}"
EndProject
Project("{FAE04EC0-301F-11D3-BF4B-00C04F79EFBC}") = "UVM.SDK", "50-App\UVM.SDK\UVM.SDK.csproj", "{E73F3985-495F-40C0-AFD6-57C1E6FAAA85}"
EndProject
Global
	GlobalSection(SolutionConfigurationPlatforms) = preSolution
		Debug|Any CPU = Debug|Any CPU
		Release|Any CPU = Release|Any CPU
	EndGlobalSection
	GlobalSection(ProjectConfigurationPlatforms) = postSolution
		{F2D72147-D877-4426-9CA6-719EEB2F5C68}.Debug|Any CPU.ActiveCfg = Debug|Any CPU
		{F2D72147-D877-4426-9CA6-719EEB2F5C68}.Debug|Any CPU.Build.0 = Debug|Any CPU
		{F2D72147-D877-4426-9CA6-719EEB2F5C68}.Release|Any CPU.ActiveCfg = Release|Any CPU
		{F2D72147-D877-4426-9CA6-719EEB2F5C68}.Release|Any CPU.Build.0 = Release|Any CPU
		{72B7CCC5-B40A-497E-91A2-74D797E42663}.Debug|Any CPU.ActiveCfg = Debug|Any CPU
		{72B7CCC5-B40A-497E-91A2-74D797E42663}.Debug|Any CPU.Build.0 = Debug|Any CPU
		{72B7CCC5-B40A-497E-91A2-74D797E42663}.Release|Any CPU.ActiveCfg = Release|Any CPU
		{72B7CCC5-B40A-497E-91A2-74D797E42663}.Release|Any CPU.Build.0 = Release|Any CPU
		{8287F6F3-D5F2-4210-BDB7-237A9FC8DA90}.Debug|Any CPU.ActiveCfg = Debug|Any CPU
		{8287F6F3-D5F2-4210-BDB7-237A9FC8DA90}.Debug|Any CPU.Build.0 = Debug|Any CPU
		{8287F6F3-D5F2-4210-BDB7-237A9FC8DA90}.Release|Any CPU.ActiveCfg = Release|Any CPU
		{8287F6F3-D5F2-4210-BDB7-237A9FC8DA90}.Release|Any CPU.Build.0 = Release|Any CPU
		{83A00E75-82E0-479A-80D7-5D7B99D8A579}.Debug|Any CPU.ActiveCfg = Debug|Any CPU
		{83A00E75-82E0-479A-80D7-5D7B99D8A579}.Debug|Any CPU.Build.0 = Debug|Any CPU
		{83A00E75-82E0-479A-80D7-5D7B99D8A579}.Release|Any CPU.ActiveCfg = Release|Any CPU
		{83A00E75-82E0-479A-80D7-5D7B99D8A579}.Release|Any CPU.Build.0 = Release|Any CPU
		{E73F3985-495F-40C0-AFD6-57C1E6FAAA85}.Debug|Any CPU.ActiveCfg = Debug|Any CPU
		{E73F3985-495F-40C0-AFD6-57C1E6FAAA85}.Debug|Any CPU.Build.0 = Debug|Any CPU
		{E73F3985-495F-40C0-AFD6-57C1E6FAAA85}.Release|Any CPU.ActiveCfg = Release|Any CPU
		{E73F3985-495F-40C0-AFD6-57C1E6FAAA85}.Release|Any CPU.Build.0 = Release|Any CPU
	EndGlobalSection
	GlobalSection(SolutionProperties) = preSolution
		HideSolutionNode = FALSE
	EndGlobalSection
	GlobalSection(NestedProjects) = preSolution
		{F2D72147-D877-4426-9CA6-719EEB2F5C68} = {0B328890-F8DB-4FFD-93D9-513F59AC00EC}
		{72B7CCC5-B40A-497E-91A2-74D797E42663} = {0B328890-F8DB-4FFD-93D9-513F59AC00EC}
		{8287F6F3-D5F2-4210-BDB7-237A9FC8DA90} = {DBB034C5-5CC2-4D4B-9B76-73C31C6F7575}
		{83A00E75-82E0-479A-80D7-5D7B99D8A579} = {478B5A0B-89CA-4733-80DB-627DB80F50F1}
		{E73F3985-495F-40C0-AFD6-57C1E6FAAA85} = {D1186D02-3550-418D-BC79-D010AEFD208B}
	EndGlobalSection
EndGlobal
